<?xml version="1.0" encoding="utf-8"?>
<Project ToolsVersion="4.0" xmlns="http://schemas.microsoft.com/developer/msbuild/2003">
  <ItemGroup>
    <Filter Include="98.Default">
      <UniqueIdentifier>{9a3f99c6-6193-4d78-b5e0-4f782a6e8698}</UniqueIdentifier>
    </Filter>
    <Filter Include="00.GameInstance">
      <UniqueIdentifier>{f3b781d3-c08c-4ea6-bbc3-52289e80abc7}</UniqueIdentifier>
    </Filter>
    <Filter Include="99.Defines">
      <UniqueIdentifier>{c2b4c052-0dd1-4d64-bcbf-d1588c898955}</UniqueIdentifier>
    </Filter>
    <Filter Include="BaseApp">
      <UniqueIdentifier>{201dccc5-9f75-4509-a0eb-ca162056e379}</UniqueIdentifier>
    </Filter>
    <Filter Include="Timer">
      <UniqueIdentifier>{d79dfe3c-ee64-4bbd-ab59-b831c49e4038}</UniqueIdentifier>
    </Filter>
    <Filter Include="Level">
      <UniqueIdentifier>{50590b30-d2f1-4f07-a192-8263e4b73776}</UniqueIdentifier>
    </Filter>
    <Filter Include="Level\Manager">
      <UniqueIdentifier>{3e275bd2-8fa2-4269-90e8-b120faf1b885}</UniqueIdentifier>
    </Filter>
    <Filter Include="Resource">
      <UniqueIdentifier>{ae5c7fee-2535-4286-aaae-69f2e8857e94}</UniqueIdentifier>
    </Filter>
    <Filter Include="ImGUI">
      <UniqueIdentifier>{782c5aef-a698-4ed8-bcf1-3988fc105ada}</UniqueIdentifier>
    </Filter>
    <Filter Include="ImGUI\Imgui">
      <UniqueIdentifier>{3e16b8b9-d599-4ad1-be55-0f92fabe9d73}</UniqueIdentifier>
    </Filter>
    <Filter Include="ImGUI\Imguizmo">
      <UniqueIdentifier>{5226249a-b440-4561-883b-be49acaed937}</UniqueIdentifier>
    </Filter>
    <Filter Include="Resource\Buffer">
      <UniqueIdentifier>{0b45516a-57af-4e63-bbde-8019ba956e89}</UniqueIdentifier>
    </Filter>
    <Filter Include="Resource\FmodSound">
      <UniqueIdentifier>{edd7471c-b4f2-4f21-9a27-ca584e58b4f2}</UniqueIdentifier>
    </Filter>
    <Filter Include="Resource\Json">
      <UniqueIdentifier>{8226700f-41b5-4197-ba4d-0e13eadf3247}</UniqueIdentifier>
    </Filter>
    <Filter Include="Resource\Manager">
      <UniqueIdentifier>{701f8e3a-4e75-42e4-880b-b40522945c5c}</UniqueIdentifier>
    </Filter>
    <Filter Include="Resource\Shader">
      <UniqueIdentifier>{095b3dba-0ef0-46a2-9df1-a67320819f00}</UniqueIdentifier>
    </Filter>
    <Filter Include="Resource\State">
      <UniqueIdentifier>{bce21f4c-1d3d-47dd-9868-d2813181f571}</UniqueIdentifier>
    </Filter>
    <Filter Include="Resource\Texture">
      <UniqueIdentifier>{8c6bbc16-4817-489f-aecf-8b9a6237e617}</UniqueIdentifier>
    </Filter>
    <Filter Include="Resource\ViewPort">
      <UniqueIdentifier>{ad518455-b16c-4518-9f1a-120526e561bc}</UniqueIdentifier>
    </Filter>
    <Filter Include="Device">
      <UniqueIdentifier>{5347a09f-ac8b-4d38-8bbd-a9b60f64e03e}</UniqueIdentifier>
    </Filter>
    <Filter Include="Sound">
      <UniqueIdentifier>{b6df8340-c083-41cb-bb48-bbbf2e356fb6}</UniqueIdentifier>
    </Filter>
    <Filter Include="Worker">
      <UniqueIdentifier>{07405913-2d3e-464c-ba30-eb7fa1b8a3fa}</UniqueIdentifier>
    </Filter>
    <Filter Include="Collider">
      <UniqueIdentifier>{8da242db-225a-4c9a-8084-dfe8a3ae945a}</UniqueIdentifier>
    </Filter>
    <Filter Include="Collider\Manager">
      <UniqueIdentifier>{d405aee3-3914-4dcf-9b14-5ba7f58ad866}</UniqueIdentifier>
    </Filter>
    <Filter Include="Renderer">
      <UniqueIdentifier>{a1d59f3b-7653-41d9-b13b-77c3dfb95b42}</UniqueIdentifier>
    </Filter>
    <Filter Include="Prototype">
      <UniqueIdentifier>{09930407-2d36-462c-9207-40f10c73d0c9}</UniqueIdentifier>
    </Filter>
    <Filter Include="Prototype\Manager">
      <UniqueIdentifier>{19d090f6-471d-43c7-951f-9117d73d0454}</UniqueIdentifier>
    </Filter>
    <Filter Include="GameObject">
      <UniqueIdentifier>{50207373-bc12-45d0-870a-60fed91153ba}</UniqueIdentifier>
    </Filter>
    <Filter Include="Component">
      <UniqueIdentifier>{3ef0c664-4f19-44c1-8eb7-16d79642864e}</UniqueIdentifier>
    </Filter>
    <Filter Include="Component\Transform">
      <UniqueIdentifier>{5ed0bf8f-b94b-44eb-8d37-58f88f07d08a}</UniqueIdentifier>
    </Filter>
    <Filter Include="GameObject\Manager">
      <UniqueIdentifier>{8a812b48-0666-4a05-8bb7-1dda248be8f5}</UniqueIdentifier>
    </Filter>
    <Filter Include="Helper">
      <UniqueIdentifier>{379d95e3-dd47-4f52-af31-6cd8b2c5dd2d}</UniqueIdentifier>
    </Filter>
    <Filter Include="GameObject\Camera">
      <UniqueIdentifier>{08794115-f1ca-44ff-8200-0b868a6cdcb9}</UniqueIdentifier>
    </Filter>
    <Filter Include="GameObject\Camera\Manager">
      <UniqueIdentifier>{5c9a83cd-c2f5-4108-b01a-524ea4defa21}</UniqueIdentifier>
    </Filter>
    <Filter Include="Serialize">
      <UniqueIdentifier>{7a19d2a5-21ba-4d5d-a92a-86e5542bc118}</UniqueIdentifier>
    </Filter>
    <Filter Include="GameObject\Camera\FlyCamera">
      <UniqueIdentifier>{f7559206-bbbf-4ed4-8d29-ef09ceec0bb4}</UniqueIdentifier>
    </Filter>
    <Filter Include="GameObject\Camera\UICamera">
      <UniqueIdentifier>{36020d2a-6f78-43ed-b2ac-9ea7ff96ac8a}</UniqueIdentifier>
    </Filter>
    <Filter Include="Collider\Box">
      <UniqueIdentifier>{8df76a33-e67b-4041-9bb3-6e579c314ad0}</UniqueIdentifier>
    </Filter>
    <Filter Include="Collider\OrientedBox">
      <UniqueIdentifier>{ceae0b90-6f28-4943-868d-521fffd6e886}</UniqueIdentifier>
    </Filter>
    <Filter Include="Collider\Frustum">
      <UniqueIdentifier>{97f052a5-80c2-4449-9e07-8de898a396fb}</UniqueIdentifier>
    </Filter>
    <Filter Include="Collider\Sphere">
      <UniqueIdentifier>{20c4a007-2591-4857-9989-d2c4d9cb7625}</UniqueIdentifier>
    </Filter>
    <Filter Include="Device\Graphic">
      <UniqueIdentifier>{7c1a2d63-1ce5-4e0a-8820-2b87122e49d0}</UniqueIdentifier>
    </Filter>
    <Filter Include="Device\Input">
      <UniqueIdentifier>{5b095327-2226-4bfd-9e97-b3931e047f69}</UniqueIdentifier>
    </Filter>
    <Filter Include="Resource\Buffer\VIBuffer">
      <UniqueIdentifier>{b901e20e-c68c-4a72-a9c6-e7f05bd268c3}</UniqueIdentifier>
    </Filter>
    <Filter Include="Resource\Buffer\CBuffer">
      <UniqueIdentifier>{33bb9795-85fd-4f9c-84a2-e3a7943602c6}</UniqueIdentifier>
    </Filter>
    <Filter Include="Resource\Buffer\DynamicBuffer">
      <UniqueIdentifier>{97642c39-1056-493f-8f1a-e3e312acbb19}</UniqueIdentifier>
    </Filter>
    <Filter Include="Resource\Buffer\VIBuffer\DynamicVIBuffer">
      <UniqueIdentifier>{51189044-b8cf-4923-bd3b-ad1dd469e17b}</UniqueIdentifier>
    </Filter>
    <Filter Include="Resource\Buffer\VIBuffer\QuadBuffer">
      <UniqueIdentifier>{2be21c32-2d17-4e72-a9ab-3787b41ae23f}</UniqueIdentifier>
    </Filter>
    <Filter Include="Resource\Buffer\VIBuffer\CubeBuffer">
      <UniqueIdentifier>{b17d1ec7-abe1-48d1-8a13-0c8d6bf95d45}</UniqueIdentifier>
    </Filter>
    <Filter Include="Resource\Texture\DynamicTexture2D">
      <UniqueIdentifier>{56b40fcd-6c09-4468-9a7a-82e711e4eec6}</UniqueIdentifier>
    </Filter>
    <Filter Include="Resource\Texture\OffscreenTexture">
      <UniqueIdentifier>{e3397dce-1a7d-4b0e-8e06-1ae56cfeae98}</UniqueIdentifier>
    </Filter>
    <Filter Include="Resource\Texture\Texture2D">
      <UniqueIdentifier>{4d3e02ce-013e-4996-8d56-2881f36f2a6f}</UniqueIdentifier>
    </Filter>
    <Filter Include="Resource\Texture\Texture2DArray">
      <UniqueIdentifier>{1e257d01-961b-445f-99a8-8e33465c85a6}</UniqueIdentifier>
    </Filter>
    <Filter Include="Resource\Texture\CubeMap">
      <UniqueIdentifier>{478920a7-0e05-4ef4-99d3-35be3fb7fad8}</UniqueIdentifier>
    </Filter>
    <Filter Include="Resource\State\BlendState">
      <UniqueIdentifier>{2aee6ddc-e66d-4944-9694-14731c81e3ab}</UniqueIdentifier>
    </Filter>
    <Filter Include="Resource\State\DepthStencilState">
      <UniqueIdentifier>{3a6a8529-e1de-4c3e-a2aa-f57daac6a11e}</UniqueIdentifier>
    </Filter>
    <Filter Include="Resource\State\RasterizerState">
      <UniqueIdentifier>{6478270a-5b78-4bfd-8a3d-bb6f2590622b}</UniqueIdentifier>
    </Filter>
    <Filter Include="Resource\State\SamplerState">
      <UniqueIdentifier>{f3985c65-c866-4448-bdb4-6ce9cb0c9f5c}</UniqueIdentifier>
    </Filter>
    <Filter Include="Resource\Shader\Compute">
      <UniqueIdentifier>{316b2073-2318-4ac1-96cc-9c863133957d}</UniqueIdentifier>
    </Filter>
    <Filter Include="Resource\Shader\Geometry">
      <UniqueIdentifier>{1090a026-d14b-4e92-aab1-b67e3269d7df}</UniqueIdentifier>
    </Filter>
    <Filter Include="Resource\Shader\GeoStreamOut">
      <UniqueIdentifier>{986585c9-c096-4280-bf4f-c8142fdc1cde}</UniqueIdentifier>
    </Filter>
    <Filter Include="Resource\Shader\Pixel">
      <UniqueIdentifier>{b11815d9-7027-4bd9-94b8-6e355ffffc33}</UniqueIdentifier>
    </Filter>
    <Filter Include="Resource\Shader\TessDomain">
      <UniqueIdentifier>{a511b3b0-4bda-46ac-b227-b5cd7790f410}</UniqueIdentifier>
    </Filter>
    <Filter Include="Resource\Shader\TessHull">
      <UniqueIdentifier>{b7377fe7-0dfd-4458-ac7e-197008df6950}</UniqueIdentifier>
    </Filter>
    <Filter Include="Resource\Shader\Vertex">
      <UniqueIdentifier>{f283d9ab-827c-4e61-8037-428addf5c1e2}</UniqueIdentifier>
    </Filter>
    <Filter Include="Resource\Buffer\VIBuffer\CubeBuffer\Col">
      <UniqueIdentifier>{c55dd7f2-89bb-4f2e-b70e-ccab86db1b3c}</UniqueIdentifier>
    </Filter>
    <Filter Include="Resource\Buffer\VIBuffer\QuadBuffer\Col">
      <UniqueIdentifier>{d5e3aae2-de43-4495-a079-d0de288d6b54}</UniqueIdentifier>
    </Filter>
    <Filter Include="Resource\Buffer\VIBuffer\QuadBuffer\Tex">
      <UniqueIdentifier>{0f9309e6-127d-434d-9ccd-e1f6b77c8def}</UniqueIdentifier>
    </Filter>
    <Filter Include="Resource\Buffer\VIBuffer\QuadBuffer\FullscreenTex">
      <UniqueIdentifier>{111cd92b-8747-4069-a3ee-5156bacad64f}</UniqueIdentifier>
    </Filter>
    <Filter Include="GameObject\UI">
      <UniqueIdentifier>{503e7a7a-c372-4e81-a9d0-3c8738ee9444}</UniqueIdentifier>
    </Filter>
    <Filter Include="Light">
      <UniqueIdentifier>{f5a0b51d-d6f3-4ca1-98b4-f1f0b51ca709}</UniqueIdentifier>
    </Filter>
    <Filter Include="Light\Manager">
      <UniqueIdentifier>{5e7b9985-b1c6-483b-9978-29bedce2210b}</UniqueIdentifier>
    </Filter>
    <Filter Include="Voxel">
      <UniqueIdentifier>{e6d84552-9b75-479b-828f-df58e2f6faaf}</UniqueIdentifier>
    </Filter>
    <Filter Include="Voxel\Manager">
      <UniqueIdentifier>{1121b771-ea81-49b8-8736-915bc7eba4ca}</UniqueIdentifier>
    </Filter>
    <Filter Include="Voxel\Block">
      <UniqueIdentifier>{cfe70bfd-b49e-4517-9a83-4969c1dd4ac2}</UniqueIdentifier>
    </Filter>
    <Filter Include="Voxel\Chunk">
      <UniqueIdentifier>{db11d8e3-ba78-4eb5-8dc3-b395821caa2a}</UniqueIdentifier>
    </Filter>
    <Filter Include="100.Shaders">
      <UniqueIdentifier>{3accd414-d763-43e7-8484-4a170d330154}</UniqueIdentifier>
    </Filter>
    <Filter Include="100.Shaders\Block">
      <UniqueIdentifier>{1ddc6afc-0083-47d1-97a1-74ee9bc710cb}</UniqueIdentifier>
    </Filter>
    <Filter Include="100.Shaders\QuadCol">
      <UniqueIdentifier>{4a81528d-5046-4952-be1a-b41f24e12a61}</UniqueIdentifier>
    </Filter>
    <Filter Include="Voxel2">
      <UniqueIdentifier>{1aeef163-66ae-44f0-b0a4-49e6d7ebe26e}</UniqueIdentifier>
    </Filter>
    <Filter Include="Voxel2\Manager">
      <UniqueIdentifier>{7f8d25ca-ec97-459a-9712-08924624f21e}</UniqueIdentifier>
    </Filter>
    <Filter Include="Voxel2\Chunk">
      <UniqueIdentifier>{5074b6bb-21db-4ea2-99be-aedd5e1dfa53}</UniqueIdentifier>
    </Filter>
    <Filter Include="Voxel2\Block">
      <UniqueIdentifier>{619f9e21-30c7-42b3-8116-4cb483bd36ee}</UniqueIdentifier>
    </Filter>
    <Filter Include="Voxel3">
      <UniqueIdentifier>{40bb09e9-5355-4494-b3c2-ed6279266696}</UniqueIdentifier>
    </Filter>
    <Filter Include="Voxel3\Block">
      <UniqueIdentifier>{dbdb33c8-6527-41e4-b5fe-bd89f04e6f0e}</UniqueIdentifier>
    </Filter>
    <Filter Include="Voxel3\Chunk">
      <UniqueIdentifier>{a233edc6-ba32-46e0-9cff-01afded6b917}</UniqueIdentifier>
    </Filter>
    <Filter Include="Voxel3\Manager">
      <UniqueIdentifier>{a82b0510-3d2b-43d7-9bde-8b2d31cb0cc3}</UniqueIdentifier>
    </Filter>
    <Filter Include="GameObject\Entity">
      <UniqueIdentifier>{e27c00f7-2a6d-472f-8d51-8cd816ff997f}</UniqueIdentifier>
    </Filter>
    <Filter Include="GameObject\Entity\Animal">
      <UniqueIdentifier>{60212ad9-2cc3-4943-b67b-2542acf152c9}</UniqueIdentifier>
    </Filter>
    <Filter Include="GameObject\Entity\Monster">
      <UniqueIdentifier>{605f9310-b346-47ea-b197-f66014795bbe}</UniqueIdentifier>
    </Filter>
    <Filter Include="GameObject\Entity\Player">
      <UniqueIdentifier>{566f54cc-bf1a-47f4-ba7d-5431adb6b815}</UniqueIdentifier>
    </Filter>
    <Filter Include="GameObject\Entity\Animal\Pig">
      <UniqueIdentifier>{9568e64e-62e2-41de-a404-0b7caa6f41b3}</UniqueIdentifier>
    </Filter>
    <Filter Include="100.Shaders\Entity">
      <UniqueIdentifier>{5e0e1e89-c0cb-4b52-b53d-1ee5aa141113}</UniqueIdentifier>
    </Filter>
    <Filter Include="GameObject\Entity\Animal\Sheep">
      <UniqueIdentifier>{058280f5-c3b4-4f51-9089-8d65701533e8}</UniqueIdentifier>
    </Filter>
    <Filter Include="GameObject\Entity\Animal\Cow">
      <UniqueIdentifier>{843cbdb6-e45b-46cb-add0-8641cb185e9b}</UniqueIdentifier>
    </Filter>
  </ItemGroup>
  <ItemGroup>
    <ClInclude Include="framework.h">
      <Filter>98.Default</Filter>
    </ClInclude>
    <ClInclude Include="pch.h">
      <Filter>98.Default</Filter>
    </ClInclude>
    <ClInclude Include="..\public\GameInstance.h">
      <Filter>00.GameInstance</Filter>
    </ClInclude>
    <ClInclude Include="..\Public\Engine_Struct.h">
      <Filter>99.Defines</Filter>
    </ClInclude>
    <ClInclude Include="..\Public\Engine_Tag.h">
      <Filter>99.Defines</Filter>
    </ClInclude>
    <ClInclude Include="..\Public\Engine_Template.h">
      <Filter>99.Defines</Filter>
    </ClInclude>
    <ClInclude Include="..\Public\Engine_Typedef.h">
      <Filter>99.Defines</Filter>
    </ClInclude>
    <ClInclude Include="..\Public\Engine_Base.h">
      <Filter>99.Defines</Filter>
    </ClInclude>
    <ClInclude Include="..\Public\Engine_Defines.h">
      <Filter>99.Defines</Filter>
    </ClInclude>
    <ClInclude Include="..\Public\Engine_Enum.h">
      <Filter>99.Defines</Filter>
    </ClInclude>
    <ClInclude Include="..\Public\Engine_Function.h">
      <Filter>99.Defines</Filter>
    </ClInclude>
    <ClInclude Include="..\Public\Engine_Macro.h">
      <Filter>99.Defines</Filter>
    </ClInclude>
    <ClInclude Include="..\public\BaseApp.h">
      <Filter>BaseApp</Filter>
    </ClInclude>
    <ClInclude Include="..\Public\TimeProvider.h">
      <Filter>Timer</Filter>
    </ClInclude>
    <ClInclude Include="..\Public\Timer.h">
      <Filter>Timer</Filter>
    </ClInclude>
    <ClInclude Include="..\public\Level.h">
      <Filter>Level</Filter>
    </ClInclude>
    <ClInclude Include="..\public\LevelManager.h">
      <Filter>Level\Manager</Filter>
    </ClInclude>
    <ClInclude Include="..\public\ImguiManager.h">
      <Filter>ImGUI</Filter>
    </ClInclude>
    <ClInclude Include="..\Public\Resource.h">
      <Filter>Resource</Filter>
    </ClInclude>
    <ClInclude Include="..\Public\Resources.h">
      <Filter>Resource</Filter>
    </ClInclude>
    <ClInclude Include="..\Public\ResFmodSound.h">
      <Filter>Resource\FmodSound</Filter>
    </ClInclude>
    <ClInclude Include="..\Public\ResJson.h">
      <Filter>Resource\Json</Filter>
    </ClInclude>
    <ClInclude Include="..\Public\ResourceManager.h">
      <Filter>Resource\Manager</Filter>
    </ClInclude>
    <ClInclude Include="..\Public\ResShader.h">
      <Filter>Resource\Shader</Filter>
    </ClInclude>
    <ClInclude Include="..\Public\ResTexture.h">
      <Filter>Resource\Texture</Filter>
    </ClInclude>
    <ClInclude Include="..\Public\ResViewPort.h">
      <Filter>Resource\ViewPort</Filter>
    </ClInclude>
    <ClInclude Include="..\public\SoundManager.h">
      <Filter>Sound</Filter>
    </ClInclude>
    <ClInclude Include="..\public\WorkerManager.h">
      <Filter>Worker</Filter>
    </ClInclude>
    <ClInclude Include="..\Public\Collider.h">
      <Filter>Collider</Filter>
    </ClInclude>
    <ClInclude Include="..\Public\ColliderManager.h">
      <Filter>Collider\Manager</Filter>
    </ClInclude>
    <ClInclude Include="..\public\Renderer.h">
      <Filter>Renderer</Filter>
    </ClInclude>
    <ClInclude Include="..\Public\IRenderable.h">
      <Filter>Renderer</Filter>
    </ClInclude>
    <ClInclude Include="..\public\Prototype.h">
      <Filter>Prototype</Filter>
    </ClInclude>
    <ClInclude Include="..\public\PrototypeManager.h">
      <Filter>Prototype\Manager</Filter>
    </ClInclude>
    <ClInclude Include="..\public\Component.h">
      <Filter>Component</Filter>
    </ClInclude>
    <ClInclude Include="..\public\GameObject.h">
      <Filter>GameObject</Filter>
    </ClInclude>
    <ClInclude Include="..\public\Transform.h">
      <Filter>Component\Transform</Filter>
    </ClInclude>
    <ClInclude Include="..\public\GameObjectManager.h">
      <Filter>GameObject\Manager</Filter>
    </ClInclude>
    <ClInclude Include="..\Public\Handle.h">
      <Filter>GameObject\Manager</Filter>
    </ClInclude>
    <ClInclude Include="..\Public\Slot.h">
      <Filter>GameObject\Manager</Filter>
    </ClInclude>
    <ClInclude Include="..\public\Helper.h">
      <Filter>Helper</Filter>
    </ClInclude>
    <ClInclude Include="..\public\CameraObject.h">
      <Filter>GameObject\Camera</Filter>
    </ClInclude>
    <ClInclude Include="..\public\CameraManager.h">
      <Filter>GameObject\Camera\Manager</Filter>
    </ClInclude>
    <ClInclude Include="..\Public\ISerializer.h">
      <Filter>Serialize</Filter>
    </ClInclude>
    <ClInclude Include="..\public\FlyCamera.h">
      <Filter>GameObject\Camera\FlyCamera</Filter>
    </ClInclude>
    <ClInclude Include="..\public\UICamera.h">
      <Filter>GameObject\Camera\UICamera</Filter>
    </ClInclude>
    <ClInclude Include="..\Public\CollBox.h">
      <Filter>Collider\Box</Filter>
    </ClInclude>
    <ClInclude Include="..\Public\CollFrustum.h">
      <Filter>Collider\Frustum</Filter>
    </ClInclude>
    <ClInclude Include="..\Public\CollOrientedBox.h">
      <Filter>Collider\OrientedBox</Filter>
    </ClInclude>
    <ClInclude Include="..\Public\CollSphere.h">
      <Filter>Collider\Sphere</Filter>
    </ClInclude>
    <ClInclude Include="..\public\GraphicDevice.h">
      <Filter>Device\Graphic</Filter>
    </ClInclude>
    <ClInclude Include="..\public\DInputManager.h">
      <Filter>Device\Input</Filter>
    </ClInclude>
    <ClInclude Include="..\Public\ResCBuffer.h">
      <Filter>Resource\Buffer\CBuffer</Filter>
    </ClInclude>
    <ClInclude Include="..\Public\ResDynamicBuffer.h">
      <Filter>Resource\Buffer\DynamicBuffer</Filter>
    </ClInclude>
    <ClInclude Include="..\Public\ResVIBuffer.h">
      <Filter>Resource\Buffer\VIBuffer</Filter>
    </ClInclude>
    <ClInclude Include="..\Public\ResDynamicVIBuffer.h">
      <Filter>Resource\Buffer\VIBuffer\DynamicVIBuffer</Filter>
    </ClInclude>
    <ClInclude Include="..\Public\ResCubeBuffer.h">
      <Filter>Resource\Buffer\VIBuffer\CubeBuffer</Filter>
    </ClInclude>
    <ClInclude Include="..\Public\ResQuadBuffer.h">
      <Filter>Resource\Buffer\VIBuffer\QuadBuffer</Filter>
    </ClInclude>
    <ClInclude Include="..\Public\ResDynamicTexture2D.h">
      <Filter>Resource\Texture\DynamicTexture2D</Filter>
    </ClInclude>
    <ClInclude Include="..\Public\ResOffscreenTexture.h">
      <Filter>Resource\Texture\OffscreenTexture</Filter>
    </ClInclude>
    <ClInclude Include="..\Public\ResTexture2D.h">
      <Filter>Resource\Texture\Texture2D</Filter>
    </ClInclude>
    <ClInclude Include="..\Public\ResTexture2DArray.h">
      <Filter>Resource\Texture\Texture2DArray</Filter>
    </ClInclude>
    <ClInclude Include="..\Public\ResTextureCubeMap.h">
      <Filter>Resource\Texture\CubeMap</Filter>
    </ClInclude>
    <ClInclude Include="..\Public\ResBlendState.h">
      <Filter>Resource\State\BlendState</Filter>
    </ClInclude>
    <ClInclude Include="..\Public\ResDepthStencilState.h">
      <Filter>Resource\State\DepthStencilState</Filter>
    </ClInclude>
    <ClInclude Include="..\Public\ResRasterizerState.h">
      <Filter>Resource\State\RasterizerState</Filter>
    </ClInclude>
    <ClInclude Include="..\Public\ResSamplerState.h">
      <Filter>Resource\State\SamplerState</Filter>
    </ClInclude>
    <ClInclude Include="..\Public\ResComputeShader.h">
      <Filter>Resource\Shader\Compute</Filter>
    </ClInclude>
    <ClInclude Include="..\Public\ResGeometryShader.h">
      <Filter>Resource\Shader\Geometry</Filter>
    </ClInclude>
    <ClInclude Include="..\Public\ResGeoShaderStreamOut.h">
      <Filter>Resource\Shader\GeoStreamOut</Filter>
    </ClInclude>
    <ClInclude Include="..\Public\ResPixelShader.h">
      <Filter>Resource\Shader\Pixel</Filter>
    </ClInclude>
    <ClInclude Include="..\Public\ResTessDomainShader.h">
      <Filter>Resource\Shader\TessDomain</Filter>
    </ClInclude>
    <ClInclude Include="..\Public\ResTessHullShader.h">
      <Filter>Resource\Shader\TessHull</Filter>
    </ClInclude>
    <ClInclude Include="..\Public\ResVertexShader.h">
      <Filter>Resource\Shader\Vertex</Filter>
    </ClInclude>
    <ClInclude Include="..\Public\ResCubeColBuffer.h">
      <Filter>Resource\Buffer\VIBuffer\CubeBuffer\Col</Filter>
    </ClInclude>
    <ClInclude Include="..\Public\ResQuadColBuffer.h">
      <Filter>Resource\Buffer\VIBuffer\QuadBuffer\Col</Filter>
    </ClInclude>
    <ClInclude Include="..\Public\ResQuadTexBuffer.h">
      <Filter>Resource\Buffer\VIBuffer\QuadBuffer\Tex</Filter>
    </ClInclude>
    <ClInclude Include="..\Public\ResQuadFullscreenTexBuffer.h">
      <Filter>Resource\Buffer\VIBuffer\QuadBuffer\FullscreenTex</Filter>
    </ClInclude>
    <ClInclude Include="..\public\UIObject.h">
      <Filter>GameObject\UI</Filter>
    </ClInclude>
    <ClInclude Include="..\Public\MyTreeNode.h">
      <Filter>Helper</Filter>
    </ClInclude>
    <ClInclude Include="..\public\LightManager.h">
      <Filter>Light\Manager</Filter>
    </ClInclude>
    <ClInclude Include="..\public\VoxelManager.h">
      <Filter>Voxel\Manager</Filter>
    </ClInclude>
    <ClInclude Include="..\public\Block.h">
      <Filter>Voxel\Block</Filter>
    </ClInclude>
    <ClInclude Include="..\public\Chunk.h">
      <Filter>Voxel\Chunk</Filter>
    </ClInclude>
    <ClInclude Include="..\public\Block2.h">
      <Filter>Voxel2\Block</Filter>
    </ClInclude>
    <ClInclude Include="..\public\Chunk2.h">
      <Filter>Voxel2\Chunk</Filter>
    </ClInclude>
    <ClInclude Include="..\public\VoxelManager2.h">
      <Filter>Voxel2\Manager</Filter>
    </ClInclude>
    <ClInclude Include="..\public\Block3.h">
      <Filter>Voxel3\Block</Filter>
    </ClInclude>
    <ClInclude Include="..\public\Chunk3.h">
      <Filter>Voxel3\Chunk</Filter>
    </ClInclude>
    <ClInclude Include="..\public\VoxelManager3.h">
      <Filter>Voxel3\Manager</Filter>
    </ClInclude>
    <ClInclude Include="..\public\EntityObject.h">
      <Filter>GameObject\Entity</Filter>
    </ClInclude>
    <ClInclude Include="..\public\AnimalEntityObject.h">
      <Filter>GameObject\Entity\Animal</Filter>
    </ClInclude>
    <ClInclude Include="..\public\PigEntity.h">
      <Filter>GameObject\Entity\Animal\Pig</Filter>
    </ClInclude>
    <ClInclude Include="..\public\CowEntity.h">
      <Filter>GameObject\Entity\Animal\Cow</Filter>
    </ClInclude>
  </ItemGroup>
  <ItemGroup>
    <ClCompile Include="pch.cpp">
      <Filter>98.Default</Filter>
    </ClCompile>
    <ClCompile Include="..\private\GameInstance.cpp">
      <Filter>00.GameInstance</Filter>
    </ClCompile>
    <ClCompile Include="..\private\BaseApp.cpp">
      <Filter>BaseApp</Filter>
    </ClCompile>
    <ClCompile Include="..\Private\TimeProvider.cpp">
      <Filter>Timer</Filter>
    </ClCompile>
    <ClCompile Include="..\Private\Timer.cpp">
      <Filter>Timer</Filter>
    </ClCompile>
    <ClCompile Include="..\private\Level.cpp">
      <Filter>Level</Filter>
    </ClCompile>
    <ClCompile Include="..\private\LevelManager.cpp">
      <Filter>Level\Manager</Filter>
    </ClCompile>
    <ClCompile Include="..\private\ImguiManager.cpp">
      <Filter>ImGUI</Filter>
    </ClCompile>
    <ClCompile Include="..\..\ThirdParty\imgui-1.83\imgui_widgets.cpp">
      <Filter>ImGUI\Imgui</Filter>
    </ClCompile>
    <ClCompile Include="..\..\ThirdParty\imgui-1.83\imgui.cpp">
      <Filter>ImGUI\Imgui</Filter>
    </ClCompile>
    <ClCompile Include="..\..\ThirdParty\imgui-1.83\imgui_demo.cpp">
      <Filter>ImGUI\Imgui</Filter>
    </ClCompile>
    <ClCompile Include="..\..\ThirdParty\imgui-1.83\imgui_draw.cpp">
      <Filter>ImGUI\Imgui</Filter>
    </ClCompile>
    <ClCompile Include="..\..\ThirdParty\imgui-1.83\imgui_impl_dx11.cpp">
      <Filter>ImGUI\Imgui</Filter>
    </ClCompile>
    <ClCompile Include="..\..\ThirdParty\imgui-1.83\imgui_impl_win32.cpp">
      <Filter>ImGUI\Imgui</Filter>
    </ClCompile>
    <ClCompile Include="..\..\ThirdParty\imgui-1.83\imgui_tables.cpp">
      <Filter>ImGUI\Imgui</Filter>
    </ClCompile>
    <ClCompile Include="..\..\ThirdParty\ImGuizmo-1.83\ImSequencer.cpp">
      <Filter>ImGUI\Imguizmo</Filter>
    </ClCompile>
    <ClCompile Include="..\..\ThirdParty\ImGuizmo-1.83\GraphEditor.cpp">
      <Filter>ImGUI\Imguizmo</Filter>
    </ClCompile>
    <ClCompile Include="..\..\ThirdParty\ImGuizmo-1.83\ImCurveEdit.cpp">
      <Filter>ImGUI\Imguizmo</Filter>
    </ClCompile>
    <ClCompile Include="..\..\ThirdParty\ImGuizmo-1.83\ImGradient.cpp">
      <Filter>ImGUI\Imguizmo</Filter>
    </ClCompile>
    <ClCompile Include="..\..\ThirdParty\ImGuizmo-1.83\ImGuizmo.cpp">
      <Filter>ImGUI\Imguizmo</Filter>
    </ClCompile>
    <ClCompile Include="..\Private\Resource.cpp">
      <Filter>Resource</Filter>
    </ClCompile>
    <ClCompile Include="..\Private\ResFmodSound.cpp">
      <Filter>Resource\FmodSound</Filter>
    </ClCompile>
    <ClCompile Include="..\Private\ResJson.cpp">
      <Filter>Resource\Json</Filter>
    </ClCompile>
    <ClCompile Include="..\Private\ResourceManager.cpp">
      <Filter>Resource\Manager</Filter>
    </ClCompile>
    <ClCompile Include="..\Private\ResShader.cpp">
      <Filter>Resource\Shader</Filter>
    </ClCompile>
    <ClCompile Include="..\Private\ResTexture.cpp">
      <Filter>Resource\Texture</Filter>
    </ClCompile>
    <ClCompile Include="..\Private\ResViewPort.cpp">
      <Filter>Resource\ViewPort</Filter>
    </ClCompile>
    <ClCompile Include="..\private\SoundManager.cpp">
      <Filter>Sound</Filter>
    </ClCompile>
    <ClCompile Include="..\private\WorkerManager.cpp">
      <Filter>Worker</Filter>
    </ClCompile>
    <ClCompile Include="..\Private\Collider.cpp">
      <Filter>Collider</Filter>
    </ClCompile>
    <ClCompile Include="..\Private\ColliderManager.cpp">
      <Filter>Collider\Manager</Filter>
    </ClCompile>
    <ClCompile Include="..\private\Renderer.cpp">
      <Filter>Renderer</Filter>
    </ClCompile>
    <ClCompile Include="..\private\Prototype.cpp">
      <Filter>Prototype</Filter>
    </ClCompile>
    <ClCompile Include="..\private\PrototypeManager.cpp">
      <Filter>Prototype\Manager</Filter>
    </ClCompile>
    <ClCompile Include="..\private\Component.cpp">
      <Filter>Component</Filter>
    </ClCompile>
    <ClCompile Include="..\private\GameObject.cpp">
      <Filter>GameObject</Filter>
    </ClCompile>
    <ClCompile Include="..\private\Transform.cpp">
      <Filter>Component\Transform</Filter>
    </ClCompile>
    <ClCompile Include="..\private\GameObjectManager.cpp">
      <Filter>GameObject\Manager</Filter>
    </ClCompile>
    <ClCompile Include="..\private\Helper.cpp">
      <Filter>Helper</Filter>
    </ClCompile>
    <ClCompile Include="..\private\CameraObject.cpp">
      <Filter>GameObject\Camera</Filter>
    </ClCompile>
    <ClCompile Include="..\private\CameraManager.cpp">
      <Filter>GameObject\Camera\Manager</Filter>
    </ClCompile>
    <ClCompile Include="..\private\FlyCamera.cpp">
      <Filter>GameObject\Camera\FlyCamera</Filter>
    </ClCompile>
    <ClCompile Include="..\private\UICamera.cpp">
      <Filter>GameObject\Camera\UICamera</Filter>
    </ClCompile>
    <ClCompile Include="..\Private\CollBox.cpp">
      <Filter>Collider\Box</Filter>
    </ClCompile>
    <ClCompile Include="..\Private\CollFrustum.cpp">
      <Filter>Collider\Frustum</Filter>
    </ClCompile>
    <ClCompile Include="..\Private\CollOrientedBox.cpp">
      <Filter>Collider\OrientedBox</Filter>
    </ClCompile>
    <ClCompile Include="..\Private\CollSphere.cpp">
      <Filter>Collider\Sphere</Filter>
    </ClCompile>
    <ClCompile Include="..\private\GraphicDevice.cpp">
      <Filter>Device\Graphic</Filter>
    </ClCompile>
    <ClCompile Include="..\private\DInputManager.cpp">
      <Filter>Device\Input</Filter>
    </ClCompile>
    <ClCompile Include="..\Private\ResCBuffer.cpp">
      <Filter>Resource\Buffer\CBuffer</Filter>
    </ClCompile>
    <ClCompile Include="..\Private\ResDynamicBuffer.cpp">
      <Filter>Resource\Buffer\DynamicBuffer</Filter>
    </ClCompile>
    <ClCompile Include="..\Private\ResVIBuffer.cpp">
      <Filter>Resource\Buffer\VIBuffer</Filter>
    </ClCompile>
    <ClCompile Include="..\Private\ResDynamicVIBuffer.cpp">
      <Filter>Resource\Buffer\VIBuffer\DynamicVIBuffer</Filter>
    </ClCompile>
    <ClCompile Include="..\Private\ResCubeBuffer.cpp">
      <Filter>Resource\Buffer\VIBuffer\CubeBuffer</Filter>
    </ClCompile>
    <ClCompile Include="..\Private\ResQuadBuffer.cpp">
      <Filter>Resource\Buffer\VIBuffer\QuadBuffer</Filter>
    </ClCompile>
    <ClCompile Include="..\Private\ResDynamicTexture2D.cpp">
      <Filter>Resource\Texture\DynamicTexture2D</Filter>
    </ClCompile>
    <ClCompile Include="..\Private\ResOffscreenTexture.cpp">
      <Filter>Resource\Texture\OffscreenTexture</Filter>
    </ClCompile>
    <ClCompile Include="..\Private\ResTexture2D.cpp">
      <Filter>Resource\Texture\Texture2D</Filter>
    </ClCompile>
    <ClCompile Include="..\Private\ResTexture2DArray.cpp">
      <Filter>Resource\Texture\Texture2DArray</Filter>
    </ClCompile>
    <ClCompile Include="..\Private\ResTextureCubeMap.cpp">
      <Filter>Resource\Texture\CubeMap</Filter>
    </ClCompile>
    <ClCompile Include="..\Private\ResBlendState.cpp">
      <Filter>Resource\State\BlendState</Filter>
    </ClCompile>
    <ClCompile Include="..\Private\ResDepthStencilState.cpp">
      <Filter>Resource\State\DepthStencilState</Filter>
    </ClCompile>
    <ClCompile Include="..\Private\ResRasterizerState.cpp">
      <Filter>Resource\State\RasterizerState</Filter>
    </ClCompile>
    <ClCompile Include="..\Private\ResSamplerState.cpp">
      <Filter>Resource\State\SamplerState</Filter>
    </ClCompile>
    <ClCompile Include="..\Private\ResComputeShader.cpp">
      <Filter>Resource\Shader\Compute</Filter>
    </ClCompile>
    <ClCompile Include="..\Private\ResGeometryShader.cpp">
      <Filter>Resource\Shader\Geometry</Filter>
    </ClCompile>
    <ClCompile Include="..\Private\ResGeoShaderStreamOut.cpp">
      <Filter>Resource\Shader\GeoStreamOut</Filter>
    </ClCompile>
    <ClCompile Include="..\Private\ResPixelShader.cpp">
      <Filter>Resource\Shader\Pixel</Filter>
    </ClCompile>
    <ClCompile Include="..\Private\ResTessDomainShader.cpp">
      <Filter>Resource\Shader\TessDomain</Filter>
    </ClCompile>
    <ClCompile Include="..\Private\ResTessHullShader.cpp">
      <Filter>Resource\Shader\TessHull</Filter>
    </ClCompile>
    <ClCompile Include="..\Private\ResVertexShader.cpp">
      <Filter>Resource\Shader\Vertex</Filter>
    </ClCompile>
    <ClCompile Include="..\Private\ResCubeColBuffer.cpp">
      <Filter>Resource\Buffer\VIBuffer\CubeBuffer\Col</Filter>
    </ClCompile>
    <ClCompile Include="..\Private\ResQuadColBuffer.cpp">
      <Filter>Resource\Buffer\VIBuffer\QuadBuffer\Col</Filter>
    </ClCompile>
    <ClCompile Include="..\Private\ResQuadTexBuffer.cpp">
      <Filter>Resource\Buffer\VIBuffer\QuadBuffer\Tex</Filter>
    </ClCompile>
    <ClCompile Include="..\Private\ResQuadFullscreenTexBuffer.cpp">
      <Filter>Resource\Buffer\VIBuffer\QuadBuffer\FullscreenTex</Filter>
    </ClCompile>
    <ClCompile Include="..\private\UIObject.cpp">
      <Filter>GameObject\UI</Filter>
    </ClCompile>
    <ClCompile Include="..\private\LightManager.cpp">
      <Filter>Light\Manager</Filter>
    </ClCompile>
    <ClCompile Include="..\private\VoxelManager.cpp">
      <Filter>Voxel\Manager</Filter>
    </ClCompile>
    <ClCompile Include="..\private\Block.cpp">
      <Filter>Voxel\Block</Filter>
    </ClCompile>
    <ClCompile Include="..\private\Chunk.cpp">
      <Filter>Voxel\Chunk</Filter>
    </ClCompile>
    <ClCompile Include="..\private\Block2.cpp">
      <Filter>Voxel2\Block</Filter>
    </ClCompile>
    <ClCompile Include="..\private\Chunk2.cpp">
      <Filter>Voxel2\Chunk</Filter>
    </ClCompile>
    <ClCompile Include="..\private\VoxelManager2.cpp">
      <Filter>Voxel2\Manager</Filter>
    </ClCompile>
    <ClCompile Include="..\private\Block3.cpp">
      <Filter>Voxel3\Block</Filter>
    </ClCompile>
    <ClCompile Include="..\private\Chunk3.cpp">
      <Filter>Voxel3\Chunk</Filter>
    </ClCompile>
    <ClCompile Include="..\private\VoxelManager3.cpp">
      <Filter>Voxel3\Manager</Filter>
    </ClCompile>
    <ClCompile Include="..\private\EntityObject.cpp">
      <Filter>GameObject\Entity</Filter>
    </ClCompile>
    <ClCompile Include="..\private\AnimalEntityObject.cpp">
      <Filter>GameObject\Entity\Animal</Filter>
    </ClCompile>
    <ClCompile Include="..\private\PigEntity.cpp">
      <Filter>GameObject\Entity\Animal\Pig</Filter>
    </ClCompile>
    <ClCompile Include="..\private\CowEntity.cpp">
      <Filter>GameObject\Entity\Animal\Cow</Filter>
    </ClCompile>
  </ItemGroup>
  <ItemGroup>
    <FxCompile Include="..\..\MC_DX11_RESOURCE\Shader\Block\Block.hlsl">
      <Filter>100.Shaders\Block</Filter>
    </FxCompile>
    <FxCompile Include="..\..\MC_DX11_RESOURCE\Shader\QuadCol\QuadCol.hlsl">
      <Filter>100.Shaders\QuadCol</Filter>
    </FxCompile>
    <FxCompile Include="..\..\MC_DX11_RESOURCE\Shader\ShaderDefines.hlsl">
      <Filter>100.Shaders</Filter>
    </FxCompile>
    <FxCompile Include="..\..\MC_DX11_RESOURCE\Shader\Entity\Entity.hlsl">
      <Filter>100.Shaders\Entity</Filter>
    </FxCompile>
  </ItemGroup>
</Project>