<?xml version="1.0" encoding="utf-8"?>
<Project ToolsVersion="4.0" xmlns="http://schemas.microsoft.com/developer/msbuild/2003">
  <ItemGroup>
    <Filter Include="98.Default">
      <UniqueIdentifier>{639fa3ba-c421-4e43-ac31-67500e233190}</UniqueIdentifier>
    </Filter>
    <Filter Include="99.Defines">
      <UniqueIdentifier>{58e0c654-9871-4730-b657-e077f364193c}</UniqueIdentifier>
    </Filter>
    <Filter Include="00.MainApp">
      <UniqueIdentifier>{552ae3c9-66e7-43dd-b697-3c36bcdcddf5}</UniqueIdentifier>
    </Filter>
    <Filter Include="Levels">
      <UniqueIdentifier>{1f6c8578-a853-4708-9721-5513e9bee807}</UniqueIdentifier>
    </Filter>
    <Filter Include="Levels\Logo">
      <UniqueIdentifier>{415a3109-850a-4d02-9d4a-9a264617baab}</UniqueIdentifier>
    </Filter>
    <Filter Include="Levels\Loading">
      <UniqueIdentifier>{3a5a11c1-934d-4e1a-9231-ee2301bfd738}</UniqueIdentifier>
    </Filter>
    <Filter Include="GameObject">
      <UniqueIdentifier>{22838d96-01f1-406f-9b64-8fcff6f51829}</UniqueIdentifier>
    </Filter>
    <Filter Include="GameObject\BackGround">
      <UniqueIdentifier>{c8080255-989d-4ed6-9c06-af9923c5ace0}</UniqueIdentifier>
    </Filter>
    <Filter Include="Levels\Test">
      <UniqueIdentifier>{bb15d8b4-0187-4acf-8d30-c7691836f2ce}</UniqueIdentifier>
    </Filter>
    <Filter Include="Levels\Test\SimpleGreedy">
      <UniqueIdentifier>{d44469b4-382c-4f79-80cc-2239e3faa336}</UniqueIdentifier>
    </Filter>
    <Filter Include="Levels\Test\SimpleGreedy\Object">
      <UniqueIdentifier>{cf61ddd6-a3e9-424d-8fab-01d49867bc14}</UniqueIdentifier>
    </Filter>
  </ItemGroup>
  <ItemGroup>
    <ClInclude Include="Client.h">
      <Filter>98.Default</Filter>
    </ClInclude>
    <ClInclude Include="framework.h">
      <Filter>98.Default</Filter>
    </ClInclude>
    <ClInclude Include="pch.h">
      <Filter>98.Default</Filter>
    </ClInclude>
    <ClInclude Include="Resource.h">
      <Filter>98.Default</Filter>
    </ClInclude>
    <ClInclude Include="targetver.h">
      <Filter>98.Default</Filter>
    </ClInclude>
    <ClInclude Include="..\public\MainApp.h">
      <Filter>00.MainApp</Filter>
    </ClInclude>
    <ClInclude Include="..\Public\Client_Defines.h">
      <Filter>99.Defines</Filter>
    </ClInclude>
    <ClInclude Include="..\public\LevelLogo.h">
      <Filter>Levels\Logo</Filter>
    </ClInclude>
    <ClInclude Include="..\public\LevelLoading.h">
      <Filter>Levels\Loading</Filter>
    </ClInclude>
    <ClInclude Include="..\public\BackGround.h">
      <Filter>GameObject\BackGround</Filter>
    </ClInclude>
    <ClInclude Include="..\public\LevelTestSimpleGreedy.h">
      <Filter>Levels\Test\SimpleGreedy</Filter>
    </ClInclude>
    <ClInclude Include="..\public\TestSimpleGreedyChunk.h">
      <Filter>Levels\Test\SimpleGreedy\Object</Filter>
    </ClInclude>
  </ItemGroup>
  <ItemGroup>
    <ClCompile Include="Client.cpp">
      <Filter>98.Default</Filter>
    </ClCompile>
    <ClCompile Include="pch.cpp">
      <Filter>98.Default</Filter>
    </ClCompile>
    <ClCompile Include="..\private\MainApp.cpp">
      <Filter>00.MainApp</Filter>
    </ClCompile>
    <ClCompile Include="..\private\LevelLogo.cpp">
      <Filter>Levels\Logo</Filter>
    </ClCompile>
    <ClCompile Include="..\private\LevelLoading.cpp">
      <Filter>Levels\Loading</Filter>
    </ClCompile>
    <ClCompile Include="..\private\BackGround.cpp">
      <Filter>GameObject\BackGround</Filter>
    </ClCompile>
    <ClCompile Include="..\private\LevelTestSimpleGreedy.cpp">
      <Filter>Levels\Test\SimpleGreedy</Filter>
    </ClCompile>
    <ClCompile Include="..\private\TestSimpleGreedyChunk.cpp">
      <Filter>Levels\Test\SimpleGreedy\Object</Filter>
    </ClCompile>
  </ItemGroup>
  <ItemGroup>
    <Image Include="Client.ico">
      <Filter>98.Default</Filter>
    </Image>
    <Image Include="small.ico">
      <Filter>98.Default</Filter>
    </Image>
  </ItemGroup>
  <ItemGroup>
    <ResourceCompile Include="Client.rc">
      <Filter>98.Default</Filter>
    </ResourceCompile>
  </ItemGroup>
</Project>